<?xml version="1.0" encoding="utf-8"?>
<Project ToolsVersion="4.0" xmlns="http://schemas.microsoft.com/developer/msbuild/2003">
  <ItemGroup>
    <Filter Include="Source Files">
      <UniqueIdentifier>{4FC737F1-C7A5-4376-A066-2A32D752A2FF}</UniqueIdentifier>
      <Extensions>cpp;c;cc;cxx;c++;cppm;ixx;def;odl;idl;hpj;bat;asm;asmx</Extensions>
    </Filter>
    <Filter Include="Header Files">
      <UniqueIdentifier>{93995380-89BD-4b04-88EB-625FBE52EBFB}</UniqueIdentifier>
      <Extensions>h;hh;hpp;hxx;h++;hm;inl;inc;ipp;xsd</Extensions>
    </Filter>
    <Filter Include="Resource Files">
      <UniqueIdentifier>{67DA6AB6-F800-4c08-8B7A-83BB121AAD01}</UniqueIdentifier>
      <Extensions>rc;ico;cur;bmp;dlg;rc2;rct;bin;rgs;gif;jpg;jpeg;jpe;resx;tiff;tif;png;wav;mfcribbon-ms</Extensions>
    </Filter>
    <Filter Include="references">
      <UniqueIdentifier>{0cee5515-9a66-421d-8d6c-fcf4dc299198}</UniqueIdentifier>
    </Filter>
    <Filter Include="sndfile-tools">
      <UniqueIdentifier>{707fa5d5-2d10-4a5a-a27d-cbfa3bbd1cb3}</UniqueIdentifier>
    </Filter>
    <Filter Include="sciplot">
      <UniqueIdentifier>{b56ac1ee-d672-4d66-8df2-8c143fa1fa58}</UniqueIdentifier>
    </Filter>
  </ItemGroup>
  <ItemGroup>
    <ClInclude Include="framework.h">
      <Filter>Header Files</Filter>
    </ClInclude>
    <ClInclude Include="Resource.h">
      <Filter>Header Files</Filter>
    </ClInclude>
    <ClInclude Include="sndfile.h">
      <Filter>Header Files</Filter>
    </ClInclude>
    <ClInclude Include="sndfile.hh">
      <Filter>Header Files</Filter>
    </ClInclude>
    <ClInclude Include="fftw3.h">
      <Filter>Header Files</Filter>
    </ClInclude>
    <ClInclude Include="DSP.h">
      <Filter>Header Files</Filter>
    </ClInclude>
    <ClInclude Include="PlotSine.h">
      <Filter>Header Files</Filter>
    </ClInclude>
    <ClInclude Include="sciplot\deps\doxystrap\example\src\Example.hpp">
      <Filter>Header Files</Filter>
    </ClInclude>
    <ClInclude Include="sciplot\sciplot\specs\AxisLabelSpecs.hpp">
      <Filter>Header Files</Filter>
    </ClInclude>
    <ClInclude Include="sciplot\sciplot\specs\BorderSpecs.hpp">
      <Filter>Header Files</Filter>
    </ClInclude>
    <ClInclude Include="sciplot\sciplot\specs\DepthSpecsOf.hpp">
      <Filter>Header Files</Filter>
    </ClInclude>
    <ClInclude Include="sciplot\sciplot\specs\DrawSpecs.hpp">
      <Filter>Header Files</Filter>
    </ClInclude>
    <ClInclude Include="sciplot\sciplot\specs\FilledCurvesSpecsOf.hpp">
      <Filter>Header Files</Filter>
    </ClInclude>
    <ClInclude Include="sciplot\sciplot\specs\FillSpecsOf.hpp">
      <Filter>Header Files</Filter>
    </ClInclude>
    <ClInclude Include="sciplot\sciplot\specs\FillStyleSpecs.hpp">
      <Filter>Header Files</Filter>
    </ClInclude>
    <ClInclude Include="sciplot\sciplot\specs\FontSpecsOf.hpp">
      <Filter>Header Files</Filter>
    </ClInclude>
    <ClInclude Include="sciplot\sciplot\specs\FrameSpecsOf.hpp">
      <Filter>Header Files</Filter>
    </ClInclude>
    <ClInclude Include="sciplot\sciplot\specs\GridSpecs.hpp">
      <Filter>Header Files</Filter>
    </ClInclude>
    <ClInclude Include="sciplot\sciplot\specs\GridSpecsBase.hpp">
      <Filter>Header Files</Filter>
    </ClInclude>
    <ClInclude Include="sciplot\sciplot\specs\HistogramStyleSpecs.hpp">
      <Filter>Header Files</Filter>
    </ClInclude>
    <ClInclude Include="sciplot\sciplot\specs\LabelSpecs.hpp">
      <Filter>Header Files</Filter>
    </ClInclude>
    <ClInclude Include="sciplot\sciplot\specs\LegendSpecs.hpp">
      <Filter>Header Files</Filter>
    </ClInclude>
    <ClInclude Include="sciplot\sciplot\specs\LineSpecsOf.hpp">
      <Filter>Header Files</Filter>
    </ClInclude>
    <ClInclude Include="sciplot\sciplot\specs\OffsetSpecsOf.hpp">
      <Filter>Header Files</Filter>
    </ClInclude>
    <ClInclude Include="sciplot\sciplot\specs\PointSpecsOf.hpp">
      <Filter>Header Files</Filter>
    </ClInclude>
    <ClInclude Include="sciplot\sciplot\specs\ShowSpecsOf.hpp">
      <Filter>Header Files</Filter>
    </ClInclude>
    <ClInclude Include="sciplot\sciplot\specs\Specs.hpp">
      <Filter>Header Files</Filter>
    </ClInclude>
    <ClInclude Include="sciplot\sciplot\specs\TextSpecsOf.hpp">
      <Filter>Header Files</Filter>
    </ClInclude>
    <ClInclude Include="sciplot\sciplot\specs\TicsSpecs.hpp">
      <Filter>Header Files</Filter>
    </ClInclude>
    <ClInclude Include="sciplot\sciplot\specs\TicsSpecsBaseOf.hpp">
      <Filter>Header Files</Filter>
    </ClInclude>
    <ClInclude Include="sciplot\sciplot\specs\TicsSpecsMajor.hpp">
      <Filter>Header Files</Filter>
    </ClInclude>
    <ClInclude Include="sciplot\sciplot\specs\TicsSpecsMinor.hpp">
      <Filter>Header Files</Filter>
    </ClInclude>
    <ClInclude Include="sciplot\sciplot\specs\TitleSpecsOf.hpp">
      <Filter>Header Files</Filter>
    </ClInclude>
    <ClInclude Include="sciplot\sciplot\ColumnIndex.hpp">
      <Filter>Header Files</Filter>
    </ClInclude>
    <ClInclude Include="sciplot\sciplot\Constants.hpp">
      <Filter>Header Files</Filter>
    </ClInclude>
    <ClInclude Include="sciplot\sciplot\Default.hpp">
      <Filter>Header Files</Filter>
    </ClInclude>
    <ClInclude Include="sciplot\sciplot\Enums.hpp">
      <Filter>Header Files</Filter>
    </ClInclude>
    <ClInclude Include="sciplot\sciplot\Figure.hpp">
      <Filter>Header Files</Filter>
    </ClInclude>
    <ClInclude Include="sciplot\sciplot\Palettes.hpp">
      <Filter>Header Files</Filter>
    </ClInclude>
    <ClInclude Include="sciplot\sciplot\Plot.hpp">
      <Filter>Header Files</Filter>
    </ClInclude>
    <ClInclude Include="sciplot\sciplot\Plot3D.hpp">
      <Filter>Header Files</Filter>
    </ClInclude>
    <ClInclude Include="sciplot\sciplot\PlotBase.hpp">
      <Filter>Header Files</Filter>
    </ClInclude>
    <ClInclude Include="sciplot\sciplot\sciplot.hpp">
      <Filter>Header Files</Filter>
    </ClInclude>
    <ClInclude Include="sciplot\sciplot\StringOrDouble.hpp">
      <Filter>Header Files</Filter>
    </ClInclude>
    <ClInclude Include="sciplot\sciplot\Utils.hpp">
      <Filter>Header Files</Filter>
    </ClInclude>
    <ClInclude Include="sciplot\sciplot\Vec.hpp">
      <Filter>Header Files</Filter>
    </ClInclude>
    <ClInclude Include="sciplot\tests\testing-project\util.hpp">
      <Filter>Header Files</Filter>
    </ClInclude>
    <ClInclude Include="sciplot\tests\catch.hpp">
      <Filter>Header Files</Filter>
    </ClInclude>
    <ClInclude Include="..\..\..\..\..\..\..\Program Files (x86)\ALGLIB\include\alglibinternal.h">
      <Filter>Header Files</Filter>
    </ClInclude>
    <ClInclude Include="..\..\..\..\..\..\..\Program Files (x86)\ALGLIB\include\alglibmisc.h">
      <Filter>Header Files</Filter>
    </ClInclude>
    <ClInclude Include="..\..\..\..\..\..\..\Program Files (x86)\ALGLIB\include\ap.h">
      <Filter>Header Files</Filter>
    </ClInclude>
    <ClInclude Include="..\..\..\..\..\..\..\Program Files (x86)\ALGLIB\include\dataanalysis.h">
      <Filter>Header Files</Filter>
    </ClInclude>
    <ClInclude Include="..\..\..\..\..\..\..\Program Files (x86)\ALGLIB\include\diffequations.h">
      <Filter>Header Files</Filter>
    </ClInclude>
    <ClInclude Include="..\..\..\..\..\..\..\Program Files (x86)\ALGLIB\include\fasttransforms.h">
      <Filter>Header Files</Filter>
    </ClInclude>
    <ClInclude Include="..\..\..\..\..\..\..\Program Files (x86)\ALGLIB\include\integration.h">
      <Filter>Header Files</Filter>
    </ClInclude>
    <ClInclude Include="..\..\..\..\..\..\..\Program Files (x86)\ALGLIB\include\interpolation.h">
      <Filter>Header Files</Filter>
    </ClInclude>
    <ClInclude Include="..\..\..\..\..\..\..\Program Files (x86)\ALGLIB\include\linalg.h">
      <Filter>Header Files</Filter>
    </ClInclude>
    <ClInclude Include="..\..\..\..\..\..\..\Program Files (x86)\ALGLIB\include\optimization.h">
      <Filter>Header Files</Filter>
    </ClInclude>
    <ClInclude Include="..\..\..\..\..\..\..\Program Files (x86)\ALGLIB\include\solvers.h">
      <Filter>Header Files</Filter>
    </ClInclude>
    <ClInclude Include="..\..\..\..\..\..\..\Program Files (x86)\ALGLIB\include\specialfunctions.h">
      <Filter>Header Files</Filter>
    </ClInclude>
    <ClInclude Include="..\..\..\..\..\..\..\Program Files (x86)\ALGLIB\include\statistics.h">
      <Filter>Header Files</Filter>
    </ClInclude>
    <ClInclude Include="..\..\..\..\..\..\..\Program Files (x86)\ALGLIB\include\stdafx.h">
      <Filter>Header Files</Filter>
    </ClInclude>
    <ClInclude Include="CustomCorrelate.h">
      <Filter>Source Files</Filter>
    </ClInclude>
  </ItemGroup>
  <ItemGroup>
    <ClCompile Include="KarutaGunma.cpp">
      <Filter>Source Files</Filter>
    </ClCompile>
    <ClCompile Include="DSP.cpp">
      <Filter>Source Files</Filter>
    </ClCompile>
    <ClCompile Include="CustomCorrelate.cpp">
      <Filter>Source Files</Filter>
    </ClCompile>
  </ItemGroup>
  <ItemGroup>
    <ResourceCompile Include="KarutaGunma.rc">
      <Filter>Resource Files</Filter>
    </ResourceCompile>
  </ItemGroup>
  <ItemGroup>
    <Image Include="small.ico">
      <Filter>Resource Files</Filter>
    </Image>
    <Image Include="KarutaGunma.ico">
      <Filter>Resource Files</Filter>
    </Image>
  </ItemGroup>
  <ItemGroup>
    <Library Include="lib\sndfile.lib">
      <Filter>Resource Files</Filter>
    </Library>
    <Library Include="lib\libfftw3-3.lib">
      <Filter>Resource Files</Filter>
    </Library>
    <Library Include="lib\libfftw3f-3.lib">
      <Filter>Resource Files</Filter>
    </Library>
    <Library Include="lib\libfftw3l-3.lib">
      <Filter>Resource Files</Filter>
    </Library>
    <Library Include="lib\ALGLIB.lib">
      <Filter>Resource Files</Filter>
    </Library>
  </ItemGroup>
  <ItemGroup>
    <None Include="programs.zip">
      <Filter>references</Filter>
    </None>
    <None Include="lib\sndfile.dll">
      <Filter>Resource Files</Filter>
    </None>
    <None Include="fftw-3.3.5-dll32.zip">
      <Filter>references</Filter>
    </None>
    <None Include="lib\libfftw3-3.dll">
      <Filter>Resource Files</Filter>
    </None>
    <None Include="lib\libfftw3f-3.dll">
      <Filter>Resource Files</Filter>
    </None>
    <None Include="lib\libfftw3l-3.dll">
      <Filter>Resource Files</Filter>
    </None>
    <None Include="sciplot\deps\doxystrap\doxystrap-footer.html" />
    <None Include="sciplot\deps\doxystrap\doxystrap-header.html" />
    <None Include="sciplot\docs\api\template\footer.html" />
    <None Include="sciplot\docs\api\template\header.html" />
    <None Include="lib\ALGLIB.dll">
      <Filter>Resource Files</Filter>
    </None>
  </ItemGroup>
</Project>